// !$*UTF8*$!
{
	archiveVersion = 1;
	classes = {
	};
	objectVersion = 55;
	objects = {

/* Begin PBXBuildFile section */
		1A6A4120287EEE580096E9FB /* AppDelegate.swift in Sources */ = {isa = PBXBuildFile; fileRef = 1A6A411F287EEE580096E9FB /* AppDelegate.swift */; };
		1A6A4122287EEE580096E9FB /* SceneDelegate.swift in Sources */ = {isa = PBXBuildFile; fileRef = 1A6A4121287EEE580096E9FB /* SceneDelegate.swift */; };
		1A6A4124287EEE580096E9FB /* HomeViewController.swift in Sources */ = {isa = PBXBuildFile; fileRef = 1A6A4123287EEE580096E9FB /* HomeViewController.swift */; };
		1A6A4129287EEE590096E9FB /* Assets.xcassets in Resources */ = {isa = PBXBuildFile; fileRef = 1A6A4128287EEE590096E9FB /* Assets.xcassets */; };
		1A6A412C287EEE590096E9FB /* LaunchScreen.storyboard in Resources */ = {isa = PBXBuildFile; fileRef = 1A6A412A287EEE590096E9FB /* LaunchScreen.storyboard */; };
		1A6A4135287EF4790096E9FB /* CustomTableViewCell.swift in Sources */ = {isa = PBXBuildFile; fileRef = 1A6A4133287EF4790096E9FB /* CustomTableViewCell.swift */; };
		1A6A4139287F0A1A0096E9FB /* User.swift in Sources */ = {isa = PBXBuildFile; fileRef = 1A6A4138287F0A1A0096E9FB /* User.swift */; };
		1A6A413D287F17D20096E9FB /* ViewModel.swift in Sources */ = {isa = PBXBuildFile; fileRef = 1A6A413C287F17D20096E9FB /* ViewModel.swift */; };
		1A6A4141287F3E6D0096E9FB /* CustomCellViewModel.swift in Sources */ = {isa = PBXBuildFile; fileRef = 1A6A4140287F3E6D0096E9FB /* CustomCellViewModel.swift */; };
		1A6A414428803BFF0096E9FB /* HomeScreenView.swift in Sources */ = {isa = PBXBuildFile; fileRef = 1A6A414328803BFF0096E9FB /* HomeScreenView.swift */; };
		1A6A41472880623D0096E9FB /* CustomTableViewCellScreen.swift in Sources */ = {isa = PBXBuildFile; fileRef = 1A6A41462880623D0096E9FB /* CustomTableViewCellScreen.swift */; };
		1A6A414A2880A6240096E9FB /* Service.swift in Sources */ = {isa = PBXBuildFile; fileRef = 1A6A41492880A6240096E9FB /* Service.swift */; };
		1A6A414C2880AAC20096E9FB /* user.json in Resources */ = {isa = PBXBuildFile; fileRef = 1A6A414B2880AAC20096E9FB /* user.json */; };
		4F4082286B5618ED0FE61E55 /* Pods_ViewCodeAndMVVM.framework in Frameworks */ = {isa = PBXBuildFile; fileRef = 5B698E79AA7791C7E4B620DD /* Pods_ViewCodeAndMVVM.framework */; };
/* End PBXBuildFile section */

/* Begin PBXFileReference section */
		16598A8AB3DF128F98659D2E /* Pods-ViewCodeAndMVVM.release.xcconfig */ = {isa = PBXFileReference; includeInIndex = 1; lastKnownFileType = text.xcconfig; name = "Pods-ViewCodeAndMVVM.release.xcconfig"; path = "Target Support Files/Pods-ViewCodeAndMVVM/Pods-ViewCodeAndMVVM.release.xcconfig"; sourceTree = "<group>"; };
		1A6A411C287EEE580096E9FB /* ViewCodeAndMVVM.app */ = {isa = PBXFileReference; explicitFileType = wrapper.application; includeInIndex = 0; path = ViewCodeAndMVVM.app; sourceTree = BUILT_PRODUCTS_DIR; };
		1A6A411F287EEE580096E9FB /* AppDelegate.swift */ = {isa = PBXFileReference; lastKnownFileType = sourcecode.swift; path = AppDelegate.swift; sourceTree = "<group>"; };
		1A6A4121287EEE580096E9FB /* SceneDelegate.swift */ = {isa = PBXFileReference; lastKnownFileType = sourcecode.swift; path = SceneDelegate.swift; sourceTree = "<group>"; };
		1A6A4123287EEE580096E9FB /* HomeViewController.swift */ = {isa = PBXFileReference; lastKnownFileType = sourcecode.swift; path = HomeViewController.swift; sourceTree = "<group>"; };
		1A6A4128287EEE590096E9FB /* Assets.xcassets */ = {isa = PBXFileReference; lastKnownFileType = folder.assetcatalog; path = Assets.xcassets; sourceTree = "<group>"; };
		1A6A412B287EEE590096E9FB /* Base */ = {isa = PBXFileReference; lastKnownFileType = file.storyboard; name = Base; path = Base.lproj/LaunchScreen.storyboard; sourceTree = "<group>"; };
		1A6A412D287EEE590096E9FB /* Info.plist */ = {isa = PBXFileReference; lastKnownFileType = text.plist.xml; path = Info.plist; sourceTree = "<group>"; };
		1A6A4133287EF4790096E9FB /* CustomTableViewCell.swift */ = {isa = PBXFileReference; lastKnownFileType = sourcecode.swift; path = CustomTableViewCell.swift; sourceTree = "<group>"; };
		1A6A4138287F0A1A0096E9FB /* User.swift */ = {isa = PBXFileReference; lastKnownFileType = sourcecode.swift; path = User.swift; sourceTree = "<group>"; };
		1A6A413C287F17D20096E9FB /* ViewModel.swift */ = {isa = PBXFileReference; lastKnownFileType = sourcecode.swift; path = ViewModel.swift; sourceTree = "<group>"; };
		1A6A4140287F3E6D0096E9FB /* CustomCellViewModel.swift */ = {isa = PBXFileReference; lastKnownFileType = sourcecode.swift; path = CustomCellViewModel.swift; sourceTree = "<group>"; };
		1A6A414328803BFF0096E9FB /* HomeScreenView.swift */ = {isa = PBXFileReference; lastKnownFileType = sourcecode.swift; path = HomeScreenView.swift; sourceTree = "<group>"; };
		1A6A41462880623D0096E9FB /* CustomTableViewCellScreen.swift */ = {isa = PBXFileReference; lastKnownFileType = sourcecode.swift; path = CustomTableViewCellScreen.swift; sourceTree = "<group>"; };
		1A6A41492880A6240096E9FB /* Service.swift */ = {isa = PBXFileReference; lastKnownFileType = sourcecode.swift; path = Service.swift; sourceTree = "<group>"; };
		1A6A414B2880AAC20096E9FB /* user.json */ = {isa = PBXFileReference; lastKnownFileType = text.json; path = user.json; sourceTree = "<group>"; };
		5B698E79AA7791C7E4B620DD /* Pods_ViewCodeAndMVVM.framework */ = {isa = PBXFileReference; explicitFileType = wrapper.framework; includeInIndex = 0; path = Pods_ViewCodeAndMVVM.framework; sourceTree = BUILT_PRODUCTS_DIR; };
		7BDB6DA2FBDD5A4627EB9149 /* Pods-ViewCodeAndMVVM.debug.xcconfig */ = {isa = PBXFileReference; includeInIndex = 1; lastKnownFileType = text.xcconfig; name = "Pods-ViewCodeAndMVVM.debug.xcconfig"; path = "Target Support Files/Pods-ViewCodeAndMVVM/Pods-ViewCodeAndMVVM.debug.xcconfig"; sourceTree = "<group>"; };
/* End PBXFileReference section */

/* Begin PBXFrameworksBuildPhase section */
		1A6A4119287EEE580096E9FB /* Frameworks */ = {
			isa = PBXFrameworksBuildPhase;
			buildActionMask = 2147483647;
			files = (
				4F4082286B5618ED0FE61E55 /* Pods_ViewCodeAndMVVM.framework in Frameworks */,
			);
			runOnlyForDeploymentPostprocessing = 0;
		};
/* End PBXFrameworksBuildPhase section */

/* Begin PBXGroup section */
		1A6A4113287EEE580096E9FB = {
			isa = PBXGroup;
			children = (
				1A6A411E287EEE580096E9FB /* ViewCodeAndMVVM */,
				1A6A411D287EEE580096E9FB /* Products */,
				87547ED5FAF7547758FED712 /* Pods */,
				860A4613C57DD2966619F15C /* Frameworks */,
			);
			sourceTree = "<group>";
		};
		1A6A411D287EEE580096E9FB /* Products */ = {
			isa = PBXGroup;
			children = (
				1A6A411C287EEE580096E9FB /* ViewCodeAndMVVM.app */,
			);
			name = Products;
			sourceTree = "<group>";
		};
		1A6A411E287EEE580096E9FB /* ViewCodeAndMVVM */ = {
			isa = PBXGroup;
			children = (
				1A6A41482880A60F0096E9FB /* Service */,
				1A6A413E287F3E3D0096E9FB /* Cell */,
				1A6A413B287F17A00096E9FB /* View */,
				1A6A413A287F17980096E9FB /* ViewModel */,
				1A6A4137287F0A0F0096E9FB /* Model */,
				1A6A411F287EEE580096E9FB /* AppDelegate.swift */,
				1A6A4121287EEE580096E9FB /* SceneDelegate.swift */,
				1A6A4128287EEE590096E9FB /* Assets.xcassets */,
				1A6A412A287EEE590096E9FB /* LaunchScreen.storyboard */,
				1A6A412D287EEE590096E9FB /* Info.plist */,
				1A6A414B2880AAC20096E9FB /* user.json */,
			);
			path = ViewCodeAndMVVM;
			sourceTree = "<group>";
		};
		1A6A4137287F0A0F0096E9FB /* Model */ = {
			isa = PBXGroup;
			children = (
				1A6A4138287F0A1A0096E9FB /* User.swift */,
			);
			path = Model;
			sourceTree = "<group>";
		};
		1A6A413A287F17980096E9FB /* ViewModel */ = {
			isa = PBXGroup;
			children = (
				1A6A413C287F17D20096E9FB /* ViewModel.swift */,
			);
			path = ViewModel;
			sourceTree = "<group>";
		};
		1A6A413B287F17A00096E9FB /* View */ = {
			isa = PBXGroup;
			children = (
				1A6A414228803BDE0096E9FB /* Screen */,
				1A6A4123287EEE580096E9FB /* HomeViewController.swift */,
			);
			path = View;
			sourceTree = "<group>";
		};
		1A6A413E287F3E3D0096E9FB /* Cell */ = {
			isa = PBXGroup;
			children = (
				1A6A4145288062140096E9FB /* Screen */,
				1A6A413F287F3E550096E9FB /* VIewModel */,
				1A6A4133287EF4790096E9FB /* CustomTableViewCell.swift */,
			);
			path = Cell;
			sourceTree = "<group>";
		};
		1A6A413F287F3E550096E9FB /* VIewModel */ = {
			isa = PBXGroup;
			children = (
				1A6A4140287F3E6D0096E9FB /* CustomCellViewModel.swift */,
			);
			path = VIewModel;
			sourceTree = "<group>";
		};
		1A6A414228803BDE0096E9FB /* Screen */ = {
			isa = PBXGroup;
			children = (
				1A6A414328803BFF0096E9FB /* HomeScreenView.swift */,
			);
			path = Screen;
			sourceTree = "<group>";
		};
		1A6A4145288062140096E9FB /* Screen */ = {
			isa = PBXGroup;
			children = (
				1A6A41462880623D0096E9FB /* CustomTableViewCellScreen.swift */,
			);
			path = Screen;
			sourceTree = "<group>";
		};
		1A6A41482880A60F0096E9FB /* Service */ = {
			isa = PBXGroup;
			children = (
				1A6A41492880A6240096E9FB /* Service.swift */,
			);
			path = Service;
			sourceTree = "<group>";
		};
		860A4613C57DD2966619F15C /* Frameworks */ = {
			isa = PBXGroup;
			children = (
				5B698E79AA7791C7E4B620DD /* Pods_ViewCodeAndMVVM.framework */,
			);
			name = Frameworks;
			sourceTree = "<group>";
		};
		87547ED5FAF7547758FED712 /* Pods */ = {
			isa = PBXGroup;
			children = (
				7BDB6DA2FBDD5A4627EB9149 /* Pods-ViewCodeAndMVVM.debug.xcconfig */,
				16598A8AB3DF128F98659D2E /* Pods-ViewCodeAndMVVM.release.xcconfig */,
			);
			name = Pods;
			path = Pods;
			sourceTree = "<group>";
		};
/* End PBXGroup section */

/* Begin PBXNativeTarget section */
		1A6A411B287EEE580096E9FB /* ViewCodeAndMVVM */ = {
			isa = PBXNativeTarget;
			buildConfigurationList = 1A6A4130287EEE590096E9FB /* Build configuration list for PBXNativeTarget "ViewCodeAndMVVM" */;
			buildPhases = (
				7FA979A708A26077950A61DD /* [CP] Check Pods Manifest.lock */,
				1A6A4118287EEE580096E9FB /* Sources */,
				1A6A4119287EEE580096E9FB /* Frameworks */,
				1A6A411A287EEE580096E9FB /* Resources */,
				1D47AA2A2B653E001FCAE858 /* [CP] Embed Pods Frameworks */,
			);
			buildRules = (
			);
			dependencies = (
			);
			name = ViewCodeAndMVVM;
			productName = ViewCodeAndMVVM;
			productReference = 1A6A411C287EEE580096E9FB /* ViewCodeAndMVVM.app */;
			productType = "com.apple.product-type.application";
		};
/* End PBXNativeTarget section */

/* Begin PBXProject section */
		1A6A4114287EEE580096E9FB /* Project object */ = {
			isa = PBXProject;
			attributes = {
				BuildIndependentTargetsInParallel = 1;
				LastSwiftUpdateCheck = 1340;
				LastUpgradeCheck = 1340;
				TargetAttributes = {
					1A6A411B287EEE580096E9FB = {
						CreatedOnToolsVersion = 13.4.1;
					};
				};
			};
			buildConfigurationList = 1A6A4117287EEE580096E9FB /* Build configuration list for PBXProject "ViewCodeAndMVVM" */;
			compatibilityVersion = "Xcode 13.0";
			developmentRegion = en;
			hasScannedForEncodings = 0;
			knownRegions = (
				en,
				Base,
			);
			mainGroup = 1A6A4113287EEE580096E9FB;
			productRefGroup = 1A6A411D287EEE580096E9FB /* Products */;
			projectDirPath = "";
			projectRoot = "";
			targets = (
				1A6A411B287EEE580096E9FB /* ViewCodeAndMVVM */,
			);
		};
/* End PBXProject section */

/* Begin PBXResourcesBuildPhase section */
		1A6A411A287EEE580096E9FB /* Resources */ = {
			isa = PBXResourcesBuildPhase;
			buildActionMask = 2147483647;
			files = (
				1A6A414C2880AAC20096E9FB /* user.json in Resources */,
				1A6A412C287EEE590096E9FB /* LaunchScreen.storyboard in Resources */,
				1A6A4129287EEE590096E9FB /* Assets.xcassets in Resources */,
			);
			runOnlyForDeploymentPostprocessing = 0;
		};
/* End PBXResourcesBuildPhase section */

/* Begin PBXShellScriptBuildPhase section */
		1D47AA2A2B653E001FCAE858 /* [CP] Embed Pods Frameworks */ = {
			isa = PBXShellScriptBuildPhase;
			buildActionMask = 2147483647;
			files = (
			);
			inputFileListPaths = (
				"${PODS_ROOT}/Target Support Files/Pods-ViewCodeAndMVVM/Pods-ViewCodeAndMVVM-frameworks-${CONFIGURATION}-input-files.xcfilelist",
			);
			name = "[CP] Embed Pods Frameworks";
			outputFileListPaths = (
				"${PODS_ROOT}/Target Support Files/Pods-ViewCodeAndMVVM/Pods-ViewCodeAndMVVM-frameworks-${CONFIGURATION}-output-files.xcfilelist",
			);
			runOnlyForDeploymentPostprocessing = 0;
			shellPath = /bin/sh;
			shellScript = "\"${PODS_ROOT}/Target Support Files/Pods-ViewCodeAndMVVM/Pods-ViewCodeAndMVVM-frameworks.sh\"\n";
			showEnvVarsInLog = 0;
		};
		7FA979A708A26077950A61DD /* [CP] Check Pods Manifest.lock */ = {
			isa = PBXShellScriptBuildPhase;
			buildActionMask = 2147483647;
			files = (
			);
			inputFileListPaths = (
			);
			inputPaths = (
				"${PODS_PODFILE_DIR_PATH}/Podfile.lock",
				"${PODS_ROOT}/Manifest.lock",
			);
			name = "[CP] Check Pods Manifest.lock";
			outputFileListPaths = (
			);
			outputPaths = (
				"$(DERIVED_FILE_DIR)/Pods-ViewCodeAndMVVM-checkManifestLockResult.txt",
			);
			runOnlyForDeploymentPostprocessing = 0;
			shellPath = /bin/sh;
			shellScript = "diff \"${PODS_PODFILE_DIR_PATH}/Podfile.lock\" \"${PODS_ROOT}/Manifest.lock\" > /dev/null\nif [ $? != 0 ] ; then\n    # print error to STDERR\n    echo \"error: The sandbox is not in sync with the Podfile.lock. Run 'pod install' or update your CocoaPods installation.\" >&2\n    exit 1\nfi\n# This output is used by Xcode 'outputs' to avoid re-running this script phase.\necho \"SUCCESS\" > \"${SCRIPT_OUTPUT_FILE_0}\"\n";
			showEnvVarsInLog = 0;
		};
/* End PBXShellScriptBuildPhase section */

/* Begin PBXSourcesBuildPhase section */
		1A6A4118287EEE580096E9FB /* Sources */ = {
			isa = PBXSourcesBuildPhase;
			buildActionMask = 2147483647;
			files = (
				1A6A41472880623D0096E9FB /* CustomTableViewCellScreen.swift in Sources */,
				1A6A4139287F0A1A0096E9FB /* User.swift in Sources */,
				1A6A4124287EEE580096E9FB /* HomeViewController.swift in Sources */,
				1A6A4120287EEE580096E9FB /* AppDelegate.swift in Sources */,
				1A6A414428803BFF0096E9FB /* HomeScreenView.swift in Sources */,
				1A6A4141287F3E6D0096E9FB /* CustomCellViewModel.swift in Sources */,
				1A6A4135287EF4790096E9FB /* CustomTableViewCell.swift in Sources */,
				1A6A414A2880A6240096E9FB /* Service.swift in Sources */,
				1A6A413D287F17D20096E9FB /* ViewModel.swift in Sources */,
				1A6A4122287EEE580096E9FB /* SceneDelegate.swift in Sources */,
			);
			runOnlyForDeploymentPostprocessing = 0;
		};
/* End PBXSourcesBuildPhase section */

/* Begin PBXVariantGroup section */
		1A6A412A287EEE590096E9FB /* LaunchScreen.storyboard */ = {
			isa = PBXVariantGroup;
			children = (
				1A6A412B287EEE590096E9FB /* Base */,
			);
			name = LaunchScreen.storyboard;
			sourceTree = "<group>";
		};
/* End PBXVariantGroup section */

/* Begin XCBuildConfiguration section */
		1A6A412E287EEE590096E9FB /* Debug */ = {
			isa = XCBuildConfiguration;
			buildSettings = {
				ALWAYS_SEARCH_USER_PATHS = NO;
				CLANG_ANALYZER_NONNULL = YES;
				CLANG_ANALYZER_NUMBER_OBJECT_CONVERSION = YES_AGGRESSIVE;
				CLANG_CXX_LANGUAGE_STANDARD = "gnu++17";
				CLANG_ENABLE_MODULES = YES;
				CLANG_ENABLE_OBJC_ARC = YES;
				CLANG_ENABLE_OBJC_WEAK = YES;
				CLANG_WARN_BLOCK_CAPTURE_AUTORELEASING = YES;
				CLANG_WARN_BOOL_CONVERSION = YES;
				CLANG_WARN_COMMA = YES;
				CLANG_WARN_CONSTANT_CONVERSION = YES;
				CLANG_WARN_DEPRECATED_OBJC_IMPLEMENTATIONS = YES;
				CLANG_WARN_DIRECT_OBJC_ISA_USAGE = YES_ERROR;
				CLANG_WARN_DOCUMENTATION_COMMENTS = YES;
				CLANG_WARN_EMPTY_BODY = YES;
				CLANG_WARN_ENUM_CONVERSION = YES;
				CLANG_WARN_INFINITE_RECURSION = YES;
				CLANG_WARN_INT_CONVERSION = YES;
				CLANG_WARN_NON_LITERAL_NULL_CONVERSION = YES;
				CLANG_WARN_OBJC_IMPLICIT_RETAIN_SELF = YES;
				CLANG_WARN_OBJC_LITERAL_CONVERSION = YES;
				CLANG_WARN_OBJC_ROOT_CLASS = YES_ERROR;
				CLANG_WARN_QUOTED_INCLUDE_IN_FRAMEWORK_HEADER = YES;
				CLANG_WARN_RANGE_LOOP_ANALYSIS = YES;
				CLANG_WARN_STRICT_PROTOTYPES = YES;
				CLANG_WARN_SUSPICIOUS_MOVE = YES;
				CLANG_WARN_UNGUARDED_AVAILABILITY = YES_AGGRESSIVE;
				CLANG_WARN_UNREACHABLE_CODE = YES;
				CLANG_WARN__DUPLICATE_METHOD_MATCH = YES;
				COPY_PHASE_STRIP = NO;
				DEBUG_INFORMATION_FORMAT = dwarf;
				ENABLE_STRICT_OBJC_MSGSEND = YES;
				ENABLE_TESTABILITY = YES;
				GCC_C_LANGUAGE_STANDARD = gnu11;
				GCC_DYNAMIC_NO_PIC = NO;
				GCC_NO_COMMON_BLOCKS = YES;
				GCC_OPTIMIZATION_LEVEL = 0;
				GCC_PREPROCESSOR_DEFINITIONS = (
					"DEBUG=1",
					"$(inherited)",
				);
				GCC_WARN_64_TO_32_BIT_CONVERSION = YES;
				GCC_WARN_ABOUT_RETURN_TYPE = YES_ERROR;
				GCC_WARN_UNDECLARED_SELECTOR = YES;
				GCC_WARN_UNINITIALIZED_AUTOS = YES_AGGRESSIVE;
				GCC_WARN_UNUSED_FUNCTION = YES;
				GCC_WARN_UNUSED_VARIABLE = YES;
				IPHONEOS_DEPLOYMENT_TARGET = 15.5;
				MTL_ENABLE_DEBUG_INFO = INCLUDE_SOURCE;
				MTL_FAST_MATH = YES;
				ONLY_ACTIVE_ARCH = YES;
				SDKROOT = iphoneos;
				SWIFT_ACTIVE_COMPILATION_CONDITIONS = DEBUG;
				SWIFT_OPTIMIZATION_LEVEL = "-Onone";
			};
			name = Debug;
		};
		1A6A412F287EEE590096E9FB /* Release */ = {
			isa = XCBuildConfiguration;
			buildSettings = {
				ALWAYS_SEARCH_USER_PATHS = NO;
				CLANG_ANALYZER_NONNULL = YES;
				CLANG_ANALYZER_NUMBER_OBJECT_CONVERSION = YES_AGGRESSIVE;
				CLANG_CXX_LANGUAGE_STANDARD = "gnu++17";
				CLANG_ENABLE_MODULES = YES;
				CLANG_ENABLE_OBJC_ARC = YES;
				CLANG_ENABLE_OBJC_WEAK = YES;
				CLANG_WARN_BLOCK_CAPTURE_AUTORELEASING = YES;
				CLANG_WARN_BOOL_CONVERSION = YES;
				CLANG_WARN_COMMA = YES;
				CLANG_WARN_CONSTANT_CONVERSION = YES;
				CLANG_WARN_DEPRECATED_OBJC_IMPLEMENTATIONS = YES;
				CLANG_WARN_DIRECT_OBJC_ISA_USAGE = YES_ERROR;
				CLANG_WARN_DOCUMENTATION_COMMENTS = YES;
				CLANG_WARN_EMPTY_BODY = YES;
				CLANG_WARN_ENUM_CONVERSION = YES;
				CLANG_WARN_INFINITE_RECURSION = YES;
				CLANG_WARN_INT_CONVERSION = YES;
				CLANG_WARN_NON_LITERAL_NULL_CONVERSION = YES;
				CLANG_WARN_OBJC_IMPLICIT_RETAIN_SELF = YES;
				CLANG_WARN_OBJC_LITERAL_CONVERSION = YES;
				CLANG_WARN_OBJC_ROOT_CLASS = YES_ERROR;
				CLANG_WARN_QUOTED_INCLUDE_IN_FRAMEWORK_HEADER = YES;
				CLANG_WARN_RANGE_LOOP_ANALYSIS = YES;
				CLANG_WARN_STRICT_PROTOTYPES = YES;
				CLANG_WARN_SUSPICIOUS_MOVE = YES;
				CLANG_WARN_UNGUARDED_AVAILABILITY = YES_AGGRESSIVE;
				CLANG_WARN_UNREACHABLE_CODE = YES;
				CLANG_WARN__DUPLICATE_METHOD_MATCH = YES;
				COPY_PHASE_STRIP = NO;
				DEBUG_INFORMATION_FORMAT = "dwarf-with-dsym";
				ENABLE_NS_ASSERTIONS = NO;
				ENABLE_STRICT_OBJC_MSGSEND = YES;
				GCC_C_LANGUAGE_STANDARD = gnu11;
				GCC_NO_COMMON_BLOCKS = YES;
				GCC_WARN_64_TO_32_BIT_CONVERSION = YES;
				GCC_WARN_ABOUT_RETURN_TYPE = YES_ERROR;
				GCC_WARN_UNDECLARED_SELECTOR = YES;
				GCC_WARN_UNINITIALIZED_AUTOS = YES_AGGRESSIVE;
				GCC_WARN_UNUSED_FUNCTION = YES;
				GCC_WARN_UNUSED_VARIABLE = YES;
				IPHONEOS_DEPLOYMENT_TARGET = 15.5;
				MTL_ENABLE_DEBUG_INFO = NO;
				MTL_FAST_MATH = YES;
				SDKROOT = iphoneos;
				SWIFT_COMPILATION_MODE = wholemodule;
				SWIFT_OPTIMIZATION_LEVEL = "-O";
				VALIDATE_PRODUCT = YES;
			};
			name = Release;
		};
		1A6A4131287EEE590096E9FB /* Debug */ = {
			isa = XCBuildConfiguration;
			baseConfigurationReference = 7BDB6DA2FBDD5A4627EB9149 /* Pods-ViewCodeAndMVVM.debug.xcconfig */;
			buildSettings = {
				ASSETCATALOG_COMPILER_APPICON_NAME = AppIcon;
				ASSETCATALOG_COMPILER_GLOBAL_ACCENT_COLOR_NAME = AccentColor;
				CODE_SIGN_STYLE = Automatic;
				CURRENT_PROJECT_VERSION = 1;
				DEVELOPMENT_TEAM = "";
				GENERATE_INFOPLIST_FILE = YES;
				INFOPLIST_FILE = ViewCodeAndMVVM/Info.plist;
				INFOPLIST_KEY_UIApplicationSupportsIndirectInputEvents = YES;
				INFOPLIST_KEY_UILaunchStoryboardName = LaunchScreen;
				INFOPLIST_KEY_UISupportedInterfaceOrientations_iPad = "UIInterfaceOrientationPortrait UIInterfaceOrientationPortraitUpsideDown UIInterfaceOrientationLandscapeLeft UIInterfaceOrientationLandscapeRight";
				INFOPLIST_KEY_UISupportedInterfaceOrientations_iPhone = "UIInterfaceOrientationPortrait UIInterfaceOrientationLandscapeLeft UIInterfaceOrientationLandscapeRight";
				LD_RUNPATH_SEARCH_PATHS = (
					"$(inherited)",
					"@executable_path/Frameworks",
				);
				MARKETING_VERSION = 1.0;
				PRODUCT_BUNDLE_IDENTIFIER = xxx.ViewCodeAndMVVM;
				PRODUCT_NAME = "$(TARGET_NAME)";
				SWIFT_EMIT_LOC_STRINGS = YES;
				SWIFT_VERSION = 5.0;
				TARGETED_DEVICE_FAMILY = 1;
			};
			name = Debug;
		};
		1A6A4132287EEE590096E9FB /* Release */ = {
			isa = XCBuildConfiguration;
			baseConfigurationReference = 16598A8AB3DF128F98659D2E /* Pods-ViewCodeAndMVVM.release.xcconfig */;
			buildSettings = {
				ASSETCATALOG_COMPILER_APPICON_NAME = AppIcon;
				ASSETCATALOG_COMPILER_GLOBAL_ACCENT_COLOR_NAME = AccentColor;
				CODE_SIGN_STYLE = Automatic;
				CURRENT_PROJECT_VERSION = 1;
				DEVELOPMENT_TEAM = "";
				GENERATE_INFOPLIST_FILE = YES;
				INFOPLIST_FILE = ViewCodeAndMVVM/Info.plist;
				INFOPLIST_KEY_UIApplicationSupportsIndirectInputEvents = YES;
				INFOPLIST_KEY_UILaunchStoryboardName = LaunchScreen;
				INFOPLIST_KEY_UISupportedInterfaceOrientations_iPad = "UIInterfaceOrientationPortrait UIInterfaceOrientationPortraitUpsideDown UIInterfaceOrientationLandscapeLeft UIInterfaceOrientationLandscapeRight";
				INFOPLIST_KEY_UISupportedInterfaceOrientations_iPhone = "UIInterfaceOrientationPortrait UIInterfaceOrientationLandscapeLeft UIInterfaceOrientationLandscapeRight";
				LD_RUNPATH_SEARCH_PATHS = (
					"$(inherited)",
					"@executable_path/Frameworks",
				);
				MARKETING_VERSION = 1.0;
				PRODUCT_BUNDLE_IDENTIFIER = xxx.ViewCodeAndMVVM;
				PRODUCT_NAME = "$(TARGET_NAME)";
				SWIFT_EMIT_LOC_STRINGS = YES;
				SWIFT_VERSION = 5.0;
				TARGETED_DEVICE_FAMILY = 1;
			};
			name = Release;
		};
/* End XCBuildConfiguration section */

/* Begin XCConfigurationList section */
		1A6A4117287EEE580096E9FB /* Build configuration list for PBXProject "ViewCodeAndMVVM" */ = {
			isa = XCConfigurationList;
			buildConfigurations = (
				1A6A412E287EEE590096E9FB /* Debug */,
				1A6A412F287EEE590096E9FB /* Release */,
			);
			defaultConfigurationIsVisible = 0;
			defaultConfigurationName = Release;
		};
		1A6A4130287EEE590096E9FB /* Build configuration list for PBXNativeTarget "ViewCodeAndMVVM" */ = {
			isa = XCConfigurationList;
			buildConfigurations = (
				1A6A4131287EEE590096E9FB /* Debug */,
				1A6A4132287EEE590096E9FB /* Release */,
			);
			defaultConfigurationIsVisible = 0;
			defaultConfigurationName = Release;
		};
/* End XCConfigurationList section */
	};
	rootObject = 1A6A4114287EEE580096E9FB /* Project object */;
}
